
Microsoft Visual Studio Solution File, Format Version 12.00
# Visual Studio Version 17
VisualStudioVersion = 17.0.31903.59
MinimumVisualStudioVersion = 10.0.40219.1
Project("{2150E333-8FDC-42A3-9474-1A3956D46DE8}") = "src", "src", "{B4D580B8-3133-40F9-9FAD-145CEB7C410E}"
EndProject
Project("{FAE04EC0-301F-11D3-BF4B-00C04F79EFBC}") = "AuctionService", "src\AuctionService\AuctionService.csproj", "{C0D2BBEF-F5A3-4494-A8B8-32488F7525F5}"
EndProject
Global
	GlobalSection(SolutionConfigurationPlatforms) = preSolution
		Debug|Any CPU = Debug|Any CPU
		Release|Any CPU = Release|Any CPU
	EndGlobalSection
	GlobalSection(SolutionProperties) = preSolution
		HideSolutionNode = FALSE
	EndGlobalSection
	GlobalSection(ProjectConfigurationPlatforms) = postSolution
		{C0D2BBEF-F5A3-4494-A8B8-32488F7525F5}.Debug|Any CPU.ActiveCfg = Debug|Any CPU
		{C0D2BBEF-F5A3-4494-A8B8-32488F7525F5}.Debug|Any CPU.Build.0 = Debug|Any CPU
		{C0D2BBEF-F5A3-4494-A8B8-32488F7525F5}.Release|Any CPU.ActiveCfg = Release|Any CPU
		{C0D2BBEF-F5A3-4494-A8B8-32488F7525F5}.Release|Any CPU.Build.0 = Release|Any CPU
	EndGlobalSection
	GlobalSection(NestedProjects) = preSolution
		{C0D2BBEF-F5A3-4494-A8B8-32488F7525F5} = {B4D580B8-3133-40F9-9FAD-145CEB7C410E}
	EndGlobalSection
EndGlobal
